
Microsoft Visual Studio Solution File, Format Version 12.00
# Visual Studio Version 16
VisualStudioVersion = 16.0.31729.503
MinimumVisualStudioVersion = 10.0.40219.1
Project("{FAE04EC0-301F-11D3-BF4B-00C04F79EFBC}") = "Задание 01", "Задание 01\Задание 01.csproj", "{E0B090EF-71E4-4858-B353-E6163B817D5B}"
EndProject
Global
	GlobalSection(SolutionConfigurationPlatforms) = preSolution
		Debug|Any CPU = Debug|Any CPU
		Release|Any CPU = Release|Any CPU
	EndGlobalSection
	GlobalSection(ProjectConfigurationPlatforms) = postSolution
		{E0B090EF-71E4-4858-B353-E6163B817D5B}.Debug|Any CPU.ActiveCfg = Debug|Any CPU
		{E0B090EF-71E4-4858-B353-E6163B817D5B}.Debug|Any CPU.Build.0 = Debug|Any CPU
		{E0B090EF-71E4-4858-B353-E6163B817D5B}.Release|Any CPU.ActiveCfg = Release|Any CPU
		{E0B090EF-71E4-4858-B353-E6163B817D5B}.Release|Any CPU.Build.0 = Release|Any CPU
	EndGlobalSection
	GlobalSection(SolutionProperties) = preSolution
		HideSolutionNode = FALSE
	EndGlobalSection
	GlobalSection(ExtensibilityGlobals) = postSolution
		SolutionGuid = {64C59763-88DC-4841-BEBF-FE01CA9E90C3}
	EndGlobalSection
EndGlobal
